{
  "nodes": {
    "nixos-qchem": {
      "inputs": {
        "nixpkgs": "nixpkgs"
      },
      "locked": {
        "lastModified": 1663851913,
        "narHash": "sha256-nvISOpUJYIlSu371s3hpvg/rCwFUX+3Pcxo9QyM9i40=",
        "owner": "markuskowa",
        "repo": "NixOS-QChem",
        "rev": "674309f18c37c449fc184e9e2890f29bbcee8f51",
        "type": "github"
      },
      "original": {
        "owner": "markuskowa",
        "repo": "NixOS-QChem",
        "type": "github"
      }
    },
    "nixpkgs": {
      "locked": {
        "lastModified": 1662096612,
        "narHash": "sha256-R+Q8l5JuyJryRPdiIaYpO5O3A55rT+/pItBrKcy7LM4=",
        "owner": "NixOS",
        "repo": "nixpkgs",
        "rev": "21de2b973f9fee595a7a1ac4693efff791245c34",
        "type": "github"
      },
      "original": {
        "owner": "NixOS",
        "ref": "nixpkgs-unstable",
        "repo": "nixpkgs",
        "type": "github"
      }
    },
    "nixpkgs_2": {
      "locked": {
        "lastModified": 1664308866,
        "narHash": "sha256-+JG94mDnyW/YEeEeTR2ggDbSr0yCuCjJckDfHiaa7Gg=",
        "owner": "nixos",
        "repo": "nixpkgs",
        "rev": "592815804a9de9985c7b39b42d01cb3586572756",
        "type": "github"
      },
      "original": {
        "owner": "nixos",
        "repo": "nixpkgs",
        "type": "github"
      }
    },
    "root": {
      "inputs": {
        "nixos-qchem": "nixos-qchem",
        "nixpkgs": "nixpkgs_2",
        "timemachine-src": "timemachine-src"
      }
    },
    "timemachine-src": {
      "flake": false,
      "locked": {
        "lastModified": 1664306345,
        "narHash": "sha256-zM1MUevR4NTSGqoVB3wg9gGaRit9LjGWKyCUfoaA/RU=",
        "owner": "proteneer",
        "repo": "timemachine",
        "rev": "445c5df908d9c13280db5509bb5d5e201dbfbe64",
        "type": "github"
      },
      "original": {
        "owner": "proteneer",
        "repo": "timemachine",
        "type": "github"
      }
    }
  },
  "root": "root",
  "version": 7
}
