{
  "nodes": {
    "nixpkgs": {
      "locked": {
        "lastModified": 1668596599,
        "narHash": "sha256-rhHyZTGI31/OfgYa9xF49UTchDXTI94pEsSNa0fOkpk=",
        "owner": "nixos",
        "repo": "nixpkgs",
        "rev": "b457130e8a21608675ddf12c7d85227b22a27112",
        "type": "github"
      },
      "original": {
        "owner": "nixos",
        "ref": "nixos-unstable",
        "repo": "nixpkgs",
        "type": "github"
      }
    },
    "root": {
      "inputs": {
        "nixpkgs": "nixpkgs",
        "timemachine-src": "timemachine-src"
      }
    },
    "timemachine-src": {
      "flake": false,
      "locked": {
        "lastModified": 1668713206,
        "narHash": "sha256-x729WPC20S1TVOdBgIJt/7b1WuaiFoAb7mxHc0buJUE=",
        "owner": "proteneer",
        "repo": "timemachine",
        "rev": "a07f9874466e284081ccb01d5641b36e9cd88c6a",
        "type": "github"
      },
      "original": {
        "owner": "proteneer",
        "repo": "timemachine",
        "type": "github"
      }
    }
  },
  "root": "root",
  "version": 7
}
