{
  "nodes": {
    "mdtraj": {
      "inputs": {
        "nixpkgs": "nixpkgs",
        "py-utils": "py-utils",
        "utils": "utils"
      },
      "locked": {
        "lastModified": 1653011639,
        "narHash": "sha256-MwRYymhkHPvh/WkNlx55+YgGuC8o5DSIiXbEO3tf6kA=",
        "owner": "mdtraj",
        "repo": "mdtraj",
        "rev": "1a757274f6f9acd6c9c847c72f5857e9c1046d17",
        "type": "github"
      },
      "original": {
        "owner": "mdtraj",
        "repo": "mdtraj",
        "type": "github"
      }
    },
    "nixpkgs": {
      "locked": {
        "lastModified": 1644359234,
        "narHash": "sha256-u/sBnRgrFrn9W8gZMS6vN3ZnJsoTvbws968TpqwlDJQ=",
        "owner": "NixOS",
        "repo": "nixpkgs",
        "rev": "c5051e2b5fe9fab43a64f0e0d06b62c81a890b90",
        "type": "github"
      },
      "original": {
        "owner": "NixOS",
        "ref": "nixos-unstable",
        "repo": "nixpkgs",
        "type": "github"
      }
    },
    "nixpkgs_2": {
      "locked": {
        "lastModified": 1668596599,
        "narHash": "sha256-rhHyZTGI31/OfgYa9xF49UTchDXTI94pEsSNa0fOkpk=",
        "owner": "nixos",
        "repo": "nixpkgs",
        "rev": "b457130e8a21608675ddf12c7d85227b22a27112",
        "type": "github"
      },
      "original": {
        "owner": "nixos",
        "ref": "nixos-unstable",
        "repo": "nixpkgs",
        "type": "github"
      }
    },
    "nixpkgs_3": {
      "locked": {
        "lastModified": 1668596599,
        "narHash": "sha256-rhHyZTGI31/OfgYa9xF49UTchDXTI94pEsSNa0fOkpk=",
        "owner": "nixos",
        "repo": "nixpkgs",
        "rev": "b457130e8a21608675ddf12c7d85227b22a27112",
        "type": "github"
      },
      "original": {
        "owner": "nixos",
        "ref": "nixos-unstable",
        "repo": "nixpkgs",
        "type": "github"
      }
    },
    "py-utils": {
      "locked": {
        "lastModified": 1644413691,
        "narHash": "sha256-JcZlxVZGRQkAs5ti5N1hvt7JA3w6NoZ+P4Hte77izC0=",
        "owner": "rmcgibbo",
        "repo": "python-flake-utils",
        "rev": "47b4ec65adfd82f029be229aa0d1646c0b6d2ed4",
        "type": "github"
      },
      "original": {
        "owner": "rmcgibbo",
        "ref": "2arg",
        "repo": "python-flake-utils",
        "type": "github"
      }
    },
    "root": {
      "inputs": {
        "mdtraj": "mdtraj",
        "nixpkgs": "nixpkgs_2",
        "timemachine-flake": "timemachine-flake"
      }
    },
    "timemachine-flake": {
      "inputs": {
        "nixpkgs": "nixpkgs_3",
        "timemachine-src": "timemachine-src"
      },
      "locked": {
        "lastModified": 1668729112,
        "narHash": "sha256-i3YPDyAG2Ys9Hb3DvID3W/z1P+/ZFyWBUUXDN5A6ybQ=",
        "owner": "mcwitt",
        "repo": "timemachine-flake",
        "rev": "d8cc35777732fc1b0ca133a94293fac44506f2f2",
        "type": "github"
      },
      "original": {
        "owner": "mcwitt",
        "repo": "timemachine-flake",
        "type": "github"
      }
    },
    "timemachine-src": {
      "flake": false,
      "locked": {
        "lastModified": 1668713206,
        "narHash": "sha256-x729WPC20S1TVOdBgIJt/7b1WuaiFoAb7mxHc0buJUE=",
        "owner": "proteneer",
        "repo": "timemachine",
        "rev": "a07f9874466e284081ccb01d5641b36e9cd88c6a",
        "type": "github"
      },
      "original": {
        "owner": "proteneer",
        "repo": "timemachine",
        "type": "github"
      }
    },
    "utils": {
      "locked": {
        "lastModified": 1644229661,
        "narHash": "sha256-1YdnJAsNy69bpcjuoKdOYQX0YxZBiCYZo4Twxerqv7k=",
        "owner": "numtide",
        "repo": "flake-utils",
        "rev": "3cecb5b042f7f209c56ffd8371b2711a290ec797",
        "type": "github"
      },
      "original": {
        "owner": "numtide",
        "repo": "flake-utils",
        "type": "github"
      }
    }
  },
  "root": "root",
  "version": 7
}
